
Microsoft Visual Studio Solution File, Format Version 12.00
# Visual Studio 2015
Project("{FAE04EC0-301F-11D3-BF4B-00C04F79EFBC}") = "Client - 副本", "Client - 副本.csproj", "{D6AF17FE-3D4A-21B7-6DAE-23D649FE9943}"
EndProject
Global
	GlobalSection(SolutionConfigurationPlatforms) = preSolution
		Debug|Any CPU = Debug|Any CPU
		Release|Any CPU = Release|Any CPU
	EndGlobalSection
	GlobalSection(ProjectConfigurationPlatforms) = postSolution
		{D6AF17FE-3D4A-21B7-6DAE-23D649FE9943}.Debug|Any CPU.ActiveCfg = Debug|Any CPU
		{D6AF17FE-3D4A-21B7-6DAE-23D649FE9943}.Debug|Any CPU.Build.0 = Debug|Any CPU
		{D6AF17FE-3D4A-21B7-6DAE-23D649FE9943}.Release|Any CPU.ActiveCfg = Release|Any CPU
		{D6AF17FE-3D4A-21B7-6DAE-23D649FE9943}.Release|Any CPU.Build.0 = Release|Any CPU
	EndGlobalSection
	GlobalSection(SolutionProperties) = preSolution
		HideSolutionNode = FALSE
	EndGlobalSection
EndGlobal
